
Microsoft Visual Studio Solution File, Format Version 12.00
# Visual Studio Version 16
VisualStudioVersion = 16.0.810.16
MinimumVisualStudioVersion = 10.0.40219.1
Project("{FAE04EC0-301F-11D3-BF4B-00C04F79EFBC}") = "Recepticon.Api", "Recepticon.Api\Recepticon.Api.csproj", "{0886FA72-4875-4480-BE33-05ABF675F51B}"
EndProject
Global
	GlobalSection(SolutionConfigurationPlatforms) = preSolution
		Debug|Any CPU = Debug|Any CPU
		Release|Any CPU = Release|Any CPU
	EndGlobalSection
	GlobalSection(ProjectConfigurationPlatforms) = postSolution
		{0886FA72-4875-4480-BE33-05ABF675F51B}.Debug|Any CPU.ActiveCfg = Debug|Any CPU
		{0886FA72-4875-4480-BE33-05ABF675F51B}.Debug|Any CPU.Build.0 = Debug|Any CPU
		{0886FA72-4875-4480-BE33-05ABF675F51B}.Release|Any CPU.ActiveCfg = Release|Any CPU
		{0886FA72-4875-4480-BE33-05ABF675F51B}.Release|Any CPU.Build.0 = Release|Any CPU
	EndGlobalSection
	GlobalSection(SolutionProperties) = preSolution
		HideSolutionNode = FALSE
	EndGlobalSection
	GlobalSection(ExtensibilityGlobals) = postSolution
		SolutionGuid = {FA9FA158-FBBC-4757-B3B1-A5BD4B526117}
	EndGlobalSection
EndGlobal
